PODS:
  - GiniCapture/Core (1.0.0)
  - GiniCapture/Networking (1.0.0):
    - GiniCapture/Core
    - GiniPayApiLib/DocumentsAPI (>= 1.0.2)
  - GiniPayApiLib/DocumentsAPI (1.0.2)
  - GiniPayApiLib/Pinning (1.0.2):
    - GiniPayApiLib/DocumentsAPI
    - TrustKit (~> 1.6)
  - GiniPayBank (0.0.1):
    - GiniPayBank/Core (= 0.0.1)
  - GiniPayBank/Core (0.0.1)
  - "GiniPayBank/Networking+Pinning (0.0.1)":
    - GiniCapture/Networking
    - GiniPayApiLib/Pinning (>= 1.0.2)
  - GiniPayBank/Payment (0.0.1):
    - GiniCapture/Networking
    - GiniPayApiLib/Pinning (>= 1.0.2)
  - GiniPayBank/ReturnAssistant (0.0.1):
    - GiniCapture/Networking
    - GiniPayApiLib/Pinning (>= 1.0.2)
  - GiniPayBank/Tests (0.0.1)
  - TrustKit (1.6.5)

DEPENDENCIES:
  - GiniPayBank (from `../`)
  - "GiniPayBank/Networking+Pinning (from `../`)"
  - GiniPayBank/Payment (from `../`)
  - GiniPayBank/ReturnAssistant (from `../`)
  - GiniPayBank/Tests (from `../`)

SPEC REPOS:
  https://github.com/CocoaPods/Specs.git:
    - TrustKit
  https://github.com/gini/gini-podspecs.git:
    - GiniCapture
    - GiniPayApiLib

EXTERNAL SOURCES:
  GiniPayBank:
    :path: "../"

SPEC CHECKSUMS:
  GiniCapture: 941ca4621c49b7cd0252a56ac4f7a72781cf3129
  GiniPayApiLib: d3ea1aba2655c4897f69ef6a96d9d78dd3fc04df
  GiniPayBank: 0de1826b40c3d8dcebb46f001b06f39829b96545
  TrustKit: 073855e3adecd317417bda4ac9e9ac54a2e3b9f2

PODFILE CHECKSUM: 7979abe910fd770d000f0986224a46c7c73424ed

COCOAPODS: 1.10.1
