PODS:
  - GiniCapture/Core (1.0.6)
  - GiniCapture/Networking (1.0.6):
    - GiniCapture/Core
    - GiniPayApiLib/DocumentsAPI (>= 1.0.2)
  - GiniPayApiLib/DocumentsAPI (1.0.9)
  - GiniPayApiLib/Pinning (1.0.9):
    - GiniPayApiLib/DocumentsAPI
    - TrustKit (~> 1.6)
  - GiniPayBank (1.0.2):
    - GiniPayBank/Core (= 1.0.2)
  - GiniPayBank/Core (1.0.2):
    - GiniCapture/Networking
    - GiniPayApiLib/DocumentsAPI (>= 1.0.3)
    - GiniPayApiLib/Pinning (>= 1.0.3)
  - GiniPayBank/Tests (1.0.2)
  - TrustKit (1.6.5)

DEPENDENCIES:
  - GiniPayBank (from `../`)
  - GiniPayBank/Tests (from `../`)

SPEC REPOS:
  https://github.com/CocoaPods/Specs.git:
    - TrustKit
  https://github.com/gini/gini-podspecs.git:
    - GiniCapture
    - GiniPayApiLib

EXTERNAL SOURCES:
  GiniPayBank:
    :path: "../"

SPEC CHECKSUMS:
  GiniCapture: e5081746e014243890d97b9d7a72565769131736
  GiniPayApiLib: 8c668c4c8f4b9a424a950f9cbe6907dca6eb8c78
  GiniPayBank: e63b628583e05625806eb83a3369a5ca3f620a02
  TrustKit: 073855e3adecd317417bda4ac9e9ac54a2e3b9f2

PODFILE CHECKSUM: 88dd2f15361378ffa0b4aa9ba5b6eb93b13b2783

COCOAPODS: 1.11.0.beta.2
