// !$*UTF8*$!
{
	archiveVersion = 1;
	classes = {
	};
	objectVersion = 51;
	objects = {

/* Begin PBXBuildFile section */
		76561AD06A9CEBCA62F7A485 /* Pods_Bank.framework in Frameworks */ = {isa = PBXBuildFile; fileRef = 440532989B71E699FDBD5739 /* Pods_Bank.framework */; };
		8DDF7264A33AB586A8B618B0 /* Pods_Example_Tests.framework in Frameworks */ = {isa = PBXBuildFile; fileRef = 253672B503E3AB8ED839997F /* Pods_Example_Tests.framework */; };
		C2B3643144A9232C0F90DD54 /* Pods_GiniPayBankSDKTests.framework in Frameworks */ = {isa = PBXBuildFile; fileRef = 8279DF74274EA3C93634F372 /* Pods_GiniPayBankSDKTests.framework */; };
		CB98CB0B9AD87EE64ACFD4A4 /* Pods_Example_Swift.framework in Frameworks */ = {isa = PBXBuildFile; fileRef = 7D6B137B57C6D5730D46BA45 /* Pods_Example_Swift.framework */; };
		F407A41825E5805E00BC5F36 /* ScreenAPICoordinatorTests.swift in Sources */ = {isa = PBXBuildFile; fileRef = F407A41425E5805E00BC5F36 /* ScreenAPICoordinatorTests.swift */; };
		F407A41925E5805E00BC5F36 /* ComponentAPICoordinatorTests.swift in Sources */ = {isa = PBXBuildFile; fileRef = F407A41525E5805E00BC5F36 /* ComponentAPICoordinatorTests.swift */; };
		F407A41A25E5805E00BC5F36 /* SettingsViewControllerTests.swift in Sources */ = {isa = PBXBuildFile; fileRef = F407A41625E5805E00BC5F36 /* SettingsViewControllerTests.swift */; };
		F407A41B25E5805E00BC5F36 /* DocumentServiceMock.swift in Sources */ = {isa = PBXBuildFile; fileRef = F407A41725E5805E00BC5F36 /* DocumentServiceMock.swift */; };
		F414A56325EBB87F00D04A80 /* DocumentAnalysisHelper.swift in Sources */ = {isa = PBXBuildFile; fileRef = F414A56225EBB87F00D04A80 /* DocumentAnalysisHelper.swift */; };
		F441DC0625E51F7300AAB09A /* PartialDocument.swift in Sources */ = {isa = PBXBuildFile; fileRef = F441DC0525E51F7300AAB09A /* PartialDocument.swift */; };
		F441DCA525E55D5800AAB09A /* Main.storyboard in Resources */ = {isa = PBXBuildFile; fileRef = F441DCA725E55D5800AAB09A /* Main.storyboard */; };
		F441DCB625E568C400AAB09A /* LaunchScreen.strings in Resources */ = {isa = PBXBuildFile; fileRef = F441DCB225E568C400AAB09A /* LaunchScreen.strings */; };
		F441DCB725E568C400AAB09A /* Main.strings in Resources */ = {isa = PBXBuildFile; fileRef = F441DCB425E568C400AAB09A /* Main.strings */; };
		F441DCBD25E5694600AAB09A /* Settings.bundle in Resources */ = {isa = PBXBuildFile; fileRef = F441DCBC25E5694600AAB09A /* Settings.bundle */; };
		F441DCC325E56BF800AAB09A /* LaunchScreen.xib in Resources */ = {isa = PBXBuildFile; fileRef = F441DCC525E56BF800AAB09A /* LaunchScreen.xib */; };
		F44AD25E25F2443200668B0C /* GiniButton.swift in Sources */ = {isa = PBXBuildFile; fileRef = F44AD25D25F2443200668B0C /* GiniButton.swift */; };
		F4807C37263C20BA00F30FF3 /* AppDelegate.swift in Sources */ = {isa = PBXBuildFile; fileRef = F4807C36263C20BA00F30FF3 /* AppDelegate.swift */; };
		F4807C3B263C20BA00F30FF3 /* ViewController.swift in Sources */ = {isa = PBXBuildFile; fileRef = F4807C3A263C20BA00F30FF3 /* ViewController.swift */; };
		F4807C3E263C20BA00F30FF3 /* Main.storyboard in Resources */ = {isa = PBXBuildFile; fileRef = F4807C3C263C20BA00F30FF3 /* Main.storyboard */; };
		F4807C40263C20BB00F30FF3 /* Assets.xcassets in Resources */ = {isa = PBXBuildFile; fileRef = F4807C3F263C20BB00F30FF3 /* Assets.xcassets */; };
		F4807C43263C20BB00F30FF3 /* LaunchScreen.storyboard in Resources */ = {isa = PBXBuildFile; fileRef = F4807C41263C20BB00F30FF3 /* LaunchScreen.storyboard */; };
		F490C7CA25DE72E400D8CA6F /* GiniPayBankSDK.framework in Frameworks */ = {isa = PBXBuildFile; fileRef = F490C7C025DE72E400D8CA6F /* GiniPayBankSDK.framework */; };
		F490C7CF25DE72E400D8CA6F /* GiniPayBankSDKTests.swift in Sources */ = {isa = PBXBuildFile; fileRef = F490C7CE25DE72E400D8CA6F /* GiniPayBankSDKTests.swift */; };
		F490C7E525DE873900D8CA6F /* AppDelegate.swift in Sources */ = {isa = PBXBuildFile; fileRef = F490C7E425DE873900D8CA6F /* AppDelegate.swift */; };
		F490C7E925DE873900D8CA6F /* NoResultViewController.swift in Sources */ = {isa = PBXBuildFile; fileRef = F490C7E825DE873900D8CA6F /* NoResultViewController.swift */; };
		F4AD00B625DED1A000C34E15 /* AppCoordinator.swift in Sources */ = {isa = PBXBuildFile; fileRef = F4AD00B525DED1A000C34E15 /* AppCoordinator.swift */; };
		F4AD00BC25DED33300C34E15 /* Coordinator.swift in Sources */ = {isa = PBXBuildFile; fileRef = F4AD00BB25DED33300C34E15 /* Coordinator.swift */; };
		F4AD00C225DED43200C34E15 /* SelectAPIViewController.swift in Sources */ = {isa = PBXBuildFile; fileRef = F4AD00C125DED43200C34E15 /* SelectAPIViewController.swift */; };
		F4AD00CC25DFDB4E00C34E15 /* CredentialsManager.swift in Sources */ = {isa = PBXBuildFile; fileRef = F4AD00CB25DFDB4E00C34E15 /* CredentialsManager.swift */; };
		F4AD00D625DFDC8100C34E15 /* SettingsViewController.swift in Sources */ = {isa = PBXBuildFile; fileRef = F4AD00D525DFDC8100C34E15 /* SettingsViewController.swift */; };
		F4AD00DC25DFDCE400C34E15 /* ResultTableViewController.swift in Sources */ = {isa = PBXBuildFile; fileRef = F4AD00DB25DFDCE400C34E15 /* ResultTableViewController.swift */; };
		F4AD00EC25DFDE2000C34E15 /* RootNavigationController.swift in Sources */ = {isa = PBXBuildFile; fileRef = F4AD00EB25DFDE2000C34E15 /* RootNavigationController.swift */; };
		F4AD00FB25DFDF4500C34E15 /* ComponentAPIDocumentServiceProtocol.swift in Sources */ = {isa = PBXBuildFile; fileRef = F4AD00F125DFDF4400C34E15 /* ComponentAPIDocumentServiceProtocol.swift */; };
		F4AD00FD25DFDF4500C34E15 /* ComponentAPIDocumentsService.swift in Sources */ = {isa = PBXBuildFile; fileRef = F4AD00F325DFDF4400C34E15 /* ComponentAPIDocumentsService.swift */; };
		F4AD00FE25DFDF4500C34E15 /* ComponentAPIOnboardingViewController.swift in Sources */ = {isa = PBXBuildFile; fileRef = F4AD00F425DFDF4400C34E15 /* ComponentAPIOnboardingViewController.swift */; };
		F4AD00FF25DFDF4500C34E15 /* UIViewController.swift in Sources */ = {isa = PBXBuildFile; fileRef = F4AD00F525DFDF4400C34E15 /* UIViewController.swift */; };
		F4AD010025DFDF4500C34E15 /* ComponentAPICoordinator.swift in Sources */ = {isa = PBXBuildFile; fileRef = F4AD00F625DFDF4400C34E15 /* ComponentAPICoordinator.swift */; };
		F4AD010125DFDF4500C34E15 /* Images.xcassets in Resources */ = {isa = PBXBuildFile; fileRef = F4AD00F725DFDF4400C34E15 /* Images.xcassets */; };
		F4AD010425DFDF4500C34E15 /* Localizable.strings in Resources */ = {isa = PBXBuildFile; fileRef = F4AD00FA25DFDF4400C34E15 /* Localizable.strings */; };
		F4B78A6025E6AB4B00CBE2E4 /* testPDF.pdf in Resources */ = {isa = PBXBuildFile; fileRef = F407A42425E580F000BC5F36 /* testPDF.pdf */; };
		F4B78A7225E6AB9500CBE2E4 /* testPDF.pdf in Resources */ = {isa = PBXBuildFile; fileRef = F407A42425E580F000BC5F36 /* testPDF.pdf */; };
		F4DF824F25EFA8ED00A8D755 /* ScreenAPICoordinator.swift in Sources */ = {isa = PBXBuildFile; fileRef = F4DF824E25EFA8ED00A8D755 /* ScreenAPICoordinator.swift */; };
/* End PBXBuildFile section */

/* Begin PBXContainerItemProxy section */
		F490C7CB25DE72E400D8CA6F /* PBXContainerItemProxy */ = {
			isa = PBXContainerItemProxy;
			containerPortal = F490C7B725DE72E400D8CA6F /* Project object */;
			proxyType = 1;
			remoteGlobalIDString = F490C7BF25DE72E400D8CA6F;
			remoteInfo = GiniPayBankSDK;
		};
		F490C80C25DE87AF00D8CA6F /* PBXContainerItemProxy */ = {
			isa = PBXContainerItemProxy;
			containerPortal = F490C7B725DE72E400D8CA6F /* Project object */;
			proxyType = 1;
			remoteGlobalIDString = F490C7E125DE873900D8CA6F;
			remoteInfo = "Example Swift";
		};
		F4F3FB6E25DE988A00ABB8A6 /* PBXContainerItemProxy */ = {
			isa = PBXContainerItemProxy;
			containerPortal = F490C7B725DE72E400D8CA6F /* Project object */;
			proxyType = 1;
			remoteGlobalIDString = F490C7E125DE873900D8CA6F;
			remoteInfo = "Example Swift";
		};
/* End PBXContainerItemProxy section */

/* Begin PBXFileReference section */
		253672B503E3AB8ED839997F /* Pods_Example_Tests.framework */ = {isa = PBXFileReference; explicitFileType = wrapper.framework; includeInIndex = 0; path = Pods_Example_Tests.framework; sourceTree = BUILT_PRODUCTS_DIR; };
		440532989B71E699FDBD5739 /* Pods_Bank.framework */ = {isa = PBXFileReference; explicitFileType = wrapper.framework; includeInIndex = 0; path = Pods_Bank.framework; sourceTree = BUILT_PRODUCTS_DIR; };
		5C62CC764D345C8CEECE6701 /* Pods-Bank.release.xcconfig */ = {isa = PBXFileReference; includeInIndex = 1; lastKnownFileType = text.xcconfig; name = "Pods-Bank.release.xcconfig"; path = "Target Support Files/Pods-Bank/Pods-Bank.release.xcconfig"; sourceTree = "<group>"; };
		6229BC4EECB48A90750E58BC /* Pods-Example Swift.debug.xcconfig */ = {isa = PBXFileReference; includeInIndex = 1; lastKnownFileType = text.xcconfig; name = "Pods-Example Swift.debug.xcconfig"; path = "Target Support Files/Pods-Example Swift/Pods-Example Swift.debug.xcconfig"; sourceTree = "<group>"; };
		6F49D25F5A06A0B358276027 /* Pods-GiniPayBankSDKTests.debug.xcconfig */ = {isa = PBXFileReference; includeInIndex = 1; lastKnownFileType = text.xcconfig; name = "Pods-GiniPayBankSDKTests.debug.xcconfig"; path = "Target Support Files/Pods-GiniPayBankSDKTests/Pods-GiniPayBankSDKTests.debug.xcconfig"; sourceTree = "<group>"; };
		725718C1ECFA01E1DFF8BDF8 /* Pods-Example_Tests.debug.xcconfig */ = {isa = PBXFileReference; includeInIndex = 1; lastKnownFileType = text.xcconfig; name = "Pods-Example_Tests.debug.xcconfig"; path = "Target Support Files/Pods-Example_Tests/Pods-Example_Tests.debug.xcconfig"; sourceTree = "<group>"; };
		7B4FC29E446EC92AF40D71A9 /* Pods-Example_Tests.release.xcconfig */ = {isa = PBXFileReference; includeInIndex = 1; lastKnownFileType = text.xcconfig; name = "Pods-Example_Tests.release.xcconfig"; path = "Target Support Files/Pods-Example_Tests/Pods-Example_Tests.release.xcconfig"; sourceTree = "<group>"; };
		7D6B137B57C6D5730D46BA45 /* Pods_Example_Swift.framework */ = {isa = PBXFileReference; explicitFileType = wrapper.framework; includeInIndex = 0; path = Pods_Example_Swift.framework; sourceTree = BUILT_PRODUCTS_DIR; };
		8279DF74274EA3C93634F372 /* Pods_GiniPayBankSDKTests.framework */ = {isa = PBXFileReference; explicitFileType = wrapper.framework; includeInIndex = 0; path = Pods_GiniPayBankSDKTests.framework; sourceTree = BUILT_PRODUCTS_DIR; };
		9170B821643C47F4AF103CE7 /* Pods-GiniPayBankSDKTests.release.xcconfig */ = {isa = PBXFileReference; includeInIndex = 1; lastKnownFileType = text.xcconfig; name = "Pods-GiniPayBankSDKTests.release.xcconfig"; path = "Target Support Files/Pods-GiniPayBankSDKTests/Pods-GiniPayBankSDKTests.release.xcconfig"; sourceTree = "<group>"; };
		E55AD28AB533B5F46BD25117 /* Pods-Bank.debug.xcconfig */ = {isa = PBXFileReference; includeInIndex = 1; lastKnownFileType = text.xcconfig; name = "Pods-Bank.debug.xcconfig"; path = "Target Support Files/Pods-Bank/Pods-Bank.debug.xcconfig"; sourceTree = "<group>"; };
		ED288A2C44E26F4FE8E21A6A /* Pods-Example Swift.release.xcconfig */ = {isa = PBXFileReference; includeInIndex = 1; lastKnownFileType = text.xcconfig; name = "Pods-Example Swift.release.xcconfig"; path = "Target Support Files/Pods-Example Swift/Pods-Example Swift.release.xcconfig"; sourceTree = "<group>"; };
		F407A41425E5805E00BC5F36 /* ScreenAPICoordinatorTests.swift */ = {isa = PBXFileReference; fileEncoding = 4; lastKnownFileType = sourcecode.swift; path = ScreenAPICoordinatorTests.swift; sourceTree = "<group>"; };
		F407A41525E5805E00BC5F36 /* ComponentAPICoordinatorTests.swift */ = {isa = PBXFileReference; fileEncoding = 4; lastKnownFileType = sourcecode.swift; path = ComponentAPICoordinatorTests.swift; sourceTree = "<group>"; };
		F407A41625E5805E00BC5F36 /* SettingsViewControllerTests.swift */ = {isa = PBXFileReference; fileEncoding = 4; lastKnownFileType = sourcecode.swift; path = SettingsViewControllerTests.swift; sourceTree = "<group>"; };
		F407A41725E5805E00BC5F36 /* DocumentServiceMock.swift */ = {isa = PBXFileReference; fileEncoding = 4; lastKnownFileType = sourcecode.swift; path = DocumentServiceMock.swift; sourceTree = "<group>"; };
		F407A42425E580F000BC5F36 /* testPDF.pdf */ = {isa = PBXFileReference; lastKnownFileType = image.pdf; path = testPDF.pdf; sourceTree = "<group>"; };
		F414A56225EBB87F00D04A80 /* DocumentAnalysisHelper.swift */ = {isa = PBXFileReference; lastKnownFileType = sourcecode.swift; path = DocumentAnalysisHelper.swift; sourceTree = "<group>"; };
		F441DC0525E51F7300AAB09A /* PartialDocument.swift */ = {isa = PBXFileReference; fileEncoding = 4; lastKnownFileType = sourcecode.swift; name = PartialDocument.swift; path = "Example Swift/PartialDocument.swift"; sourceTree = SOURCE_ROOT; };
		F441DCA625E55D5800AAB09A /* Base */ = {isa = PBXFileReference; lastKnownFileType = file.storyboard; name = Base; path = Base.lproj/Main.storyboard; sourceTree = "<group>"; };
		F441DCB325E568C400AAB09A /* de */ = {isa = PBXFileReference; lastKnownFileType = text.plist.strings; name = de; path = de.lproj/LaunchScreen.strings; sourceTree = "<group>"; };
		F441DCB525E568C400AAB09A /* de */ = {isa = PBXFileReference; lastKnownFileType = text.plist.strings; name = de; path = de.lproj/Main.strings; sourceTree = "<group>"; };
		F441DCBC25E5694600AAB09A /* Settings.bundle */ = {isa = PBXFileReference; lastKnownFileType = "wrapper.plug-in"; path = Settings.bundle; sourceTree = "<group>"; };
		F441DCC225E56BC700AAB09A /* de */ = {isa = PBXFileReference; lastKnownFileType = text.plist.strings; name = de; path = de.lproj/Main.strings; sourceTree = "<group>"; };
		F441DCC425E56BF800AAB09A /* Base */ = {isa = PBXFileReference; lastKnownFileType = file.xib; name = Base; path = Base.lproj/LaunchScreen.xib; sourceTree = "<group>"; };
		F441DCCA25E56C0100AAB09A /* de */ = {isa = PBXFileReference; lastKnownFileType = text.plist.strings; name = de; path = de.lproj/LaunchScreen.strings; sourceTree = "<group>"; };
		F441DD1225E5706F00AAB09A /* Info.plist */ = {isa = PBXFileReference; fileEncoding = 4; lastKnownFileType = text.plist.xml; path = Info.plist; sourceTree = "<group>"; };
		F44AD25D25F2443200668B0C /* GiniButton.swift */ = {isa = PBXFileReference; lastKnownFileType = sourcecode.swift; path = GiniButton.swift; sourceTree = "<group>"; };
		F4807C34263C20BA00F30FF3 /* Bank.app */ = {isa = PBXFileReference; explicitFileType = wrapper.application; includeInIndex = 0; path = Bank.app; sourceTree = BUILT_PRODUCTS_DIR; };
		F4807C36263C20BA00F30FF3 /* AppDelegate.swift */ = {isa = PBXFileReference; lastKnownFileType = sourcecode.swift; path = AppDelegate.swift; sourceTree = "<group>"; };
		F4807C3A263C20BA00F30FF3 /* ViewController.swift */ = {isa = PBXFileReference; lastKnownFileType = sourcecode.swift; path = ViewController.swift; sourceTree = "<group>"; };
		F4807C3D263C20BA00F30FF3 /* Base */ = {isa = PBXFileReference; lastKnownFileType = file.storyboard; name = Base; path = Base.lproj/Main.storyboard; sourceTree = "<group>"; };
		F4807C3F263C20BB00F30FF3 /* Assets.xcassets */ = {isa = PBXFileReference; lastKnownFileType = folder.assetcatalog; path = Assets.xcassets; sourceTree = "<group>"; };
		F4807C42263C20BB00F30FF3 /* Base */ = {isa = PBXFileReference; lastKnownFileType = file.storyboard; name = Base; path = Base.lproj/LaunchScreen.storyboard; sourceTree = "<group>"; };
		F4807C44263C20BB00F30FF3 /* Info.plist */ = {isa = PBXFileReference; lastKnownFileType = text.plist.xml; path = Info.plist; sourceTree = "<group>"; };
		F490C7C025DE72E400D8CA6F /* GiniPayBankSDK.framework */ = {isa = PBXFileReference; explicitFileType = wrapper.framework; includeInIndex = 0; path = GiniPayBankSDK.framework; sourceTree = BUILT_PRODUCTS_DIR; };
		F490C7C925DE72E400D8CA6F /* GiniPayBankSDKTests.xctest */ = {isa = PBXFileReference; explicitFileType = wrapper.cfbundle; includeInIndex = 0; path = GiniPayBankSDKTests.xctest; sourceTree = BUILT_PRODUCTS_DIR; };
		F490C7CE25DE72E400D8CA6F /* GiniPayBankSDKTests.swift */ = {isa = PBXFileReference; lastKnownFileType = sourcecode.swift; path = GiniPayBankSDKTests.swift; sourceTree = "<group>"; };
		F490C7D025DE72E400D8CA6F /* Info.plist */ = {isa = PBXFileReference; lastKnownFileType = text.plist.xml; path = Info.plist; sourceTree = "<group>"; };
		F490C7E225DE873900D8CA6F /* Example Swift.app */ = {isa = PBXFileReference; explicitFileType = wrapper.application; includeInIndex = 0; path = "Example Swift.app"; sourceTree = BUILT_PRODUCTS_DIR; };
		F490C7E425DE873900D8CA6F /* AppDelegate.swift */ = {isa = PBXFileReference; lastKnownFileType = sourcecode.swift; path = AppDelegate.swift; sourceTree = "<group>"; };
		F490C7E825DE873900D8CA6F /* NoResultViewController.swift */ = {isa = PBXFileReference; lastKnownFileType = sourcecode.swift; path = NoResultViewController.swift; sourceTree = "<group>"; };
		F490C7FD25DE87A900D8CA6F /* Example_Tests.xctest */ = {isa = PBXFileReference; explicitFileType = wrapper.cfbundle; includeInIndex = 0; path = Example_Tests.xctest; sourceTree = BUILT_PRODUCTS_DIR; };
		F490C80125DE87A900D8CA6F /* Info.plist */ = {isa = PBXFileReference; lastKnownFileType = text.plist.xml; path = Info.plist; sourceTree = "<group>"; };
		F4AD00B525DED1A000C34E15 /* AppCoordinator.swift */ = {isa = PBXFileReference; lastKnownFileType = sourcecode.swift; path = AppCoordinator.swift; sourceTree = "<group>"; };
		F4AD00BB25DED33300C34E15 /* Coordinator.swift */ = {isa = PBXFileReference; lastKnownFileType = sourcecode.swift; path = Coordinator.swift; sourceTree = "<group>"; };
		F4AD00C125DED43200C34E15 /* SelectAPIViewController.swift */ = {isa = PBXFileReference; lastKnownFileType = sourcecode.swift; path = SelectAPIViewController.swift; sourceTree = "<group>"; };
		F4AD00CB25DFDB4E00C34E15 /* CredentialsManager.swift */ = {isa = PBXFileReference; lastKnownFileType = sourcecode.swift; path = CredentialsManager.swift; sourceTree = "<group>"; };
		F4AD00D525DFDC8100C34E15 /* SettingsViewController.swift */ = {isa = PBXFileReference; lastKnownFileType = sourcecode.swift; path = SettingsViewController.swift; sourceTree = "<group>"; };
		F4AD00DB25DFDCE400C34E15 /* ResultTableViewController.swift */ = {isa = PBXFileReference; lastKnownFileType = sourcecode.swift; path = ResultTableViewController.swift; sourceTree = "<group>"; };
		F4AD00EB25DFDE2000C34E15 /* RootNavigationController.swift */ = {isa = PBXFileReference; lastKnownFileType = sourcecode.swift; path = RootNavigationController.swift; sourceTree = "<group>"; };
		F4AD00F125DFDF4400C34E15 /* ComponentAPIDocumentServiceProtocol.swift */ = {isa = PBXFileReference; fileEncoding = 4; lastKnownFileType = sourcecode.swift; path = ComponentAPIDocumentServiceProtocol.swift; sourceTree = "<group>"; };
		F4AD00F325DFDF4400C34E15 /* ComponentAPIDocumentsService.swift */ = {isa = PBXFileReference; fileEncoding = 4; lastKnownFileType = sourcecode.swift; path = ComponentAPIDocumentsService.swift; sourceTree = "<group>"; };
		F4AD00F425DFDF4400C34E15 /* ComponentAPIOnboardingViewController.swift */ = {isa = PBXFileReference; fileEncoding = 4; lastKnownFileType = sourcecode.swift; path = ComponentAPIOnboardingViewController.swift; sourceTree = "<group>"; };
		F4AD00F525DFDF4400C34E15 /* UIViewController.swift */ = {isa = PBXFileReference; fileEncoding = 4; lastKnownFileType = sourcecode.swift; path = UIViewController.swift; sourceTree = "<group>"; };
		F4AD00F625DFDF4400C34E15 /* ComponentAPICoordinator.swift */ = {isa = PBXFileReference; fileEncoding = 4; lastKnownFileType = sourcecode.swift; path = ComponentAPICoordinator.swift; sourceTree = "<group>"; };
		F4AD00F725DFDF4400C34E15 /* Images.xcassets */ = {isa = PBXFileReference; lastKnownFileType = folder.assetcatalog; path = Images.xcassets; sourceTree = "<group>"; };
		F4AD00FA25DFDF4400C34E15 /* Localizable.strings */ = {isa = PBXFileReference; fileEncoding = 4; lastKnownFileType = text.plist.strings; path = Localizable.strings; sourceTree = "<group>"; };
		F4DF824E25EFA8ED00A8D755 /* ScreenAPICoordinator.swift */ = {isa = PBXFileReference; lastKnownFileType = sourcecode.swift; path = ScreenAPICoordinator.swift; sourceTree = "<group>"; };
/* End PBXFileReference section */

/* Begin PBXFrameworksBuildPhase section */
		F4807C31263C20BA00F30FF3 /* Frameworks */ = {
			isa = PBXFrameworksBuildPhase;
			buildActionMask = 2147483647;
			files = (
				76561AD06A9CEBCA62F7A485 /* Pods_Bank.framework in Frameworks */,
			);
			runOnlyForDeploymentPostprocessing = 0;
		};
		F490C7BD25DE72E400D8CA6F /* Frameworks */ = {
			isa = PBXFrameworksBuildPhase;
			buildActionMask = 2147483647;
			files = (
			);
			runOnlyForDeploymentPostprocessing = 0;
		};
		F490C7C625DE72E400D8CA6F /* Frameworks */ = {
			isa = PBXFrameworksBuildPhase;
			buildActionMask = 2147483647;
			files = (
				F490C7CA25DE72E400D8CA6F /* GiniPayBankSDK.framework in Frameworks */,
				C2B3643144A9232C0F90DD54 /* Pods_GiniPayBankSDKTests.framework in Frameworks */,
			);
			runOnlyForDeploymentPostprocessing = 0;
		};
		F490C7DF25DE873900D8CA6F /* Frameworks */ = {
			isa = PBXFrameworksBuildPhase;
			buildActionMask = 2147483647;
			files = (
				CB98CB0B9AD87EE64ACFD4A4 /* Pods_Example_Swift.framework in Frameworks */,
			);
			runOnlyForDeploymentPostprocessing = 0;
		};
		F490C7FA25DE87A800D8CA6F /* Frameworks */ = {
			isa = PBXFrameworksBuildPhase;
			buildActionMask = 2147483647;
			files = (
				8DDF7264A33AB586A8B618B0 /* Pods_Example_Tests.framework in Frameworks */,
			);
			runOnlyForDeploymentPostprocessing = 0;
		};
/* End PBXFrameworksBuildPhase section */

/* Begin PBXGroup section */
		3B176E990A58E5FD41621C87 /* Frameworks */ = {
			isa = PBXGroup;
			children = (
				440532989B71E699FDBD5739 /* Pods_Bank.framework */,
				7D6B137B57C6D5730D46BA45 /* Pods_Example_Swift.framework */,
				253672B503E3AB8ED839997F /* Pods_Example_Tests.framework */,
				8279DF74274EA3C93634F372 /* Pods_GiniPayBankSDKTests.framework */,
			);
			name = Frameworks;
			sourceTree = "<group>";
		};
		96CD6CFB0CFD8BA46ED45AF0 /* Pods */ = {
			isa = PBXGroup;
			children = (
				6229BC4EECB48A90750E58BC /* Pods-Example Swift.debug.xcconfig */,
				ED288A2C44E26F4FE8E21A6A /* Pods-Example Swift.release.xcconfig */,
				725718C1ECFA01E1DFF8BDF8 /* Pods-Example_Tests.debug.xcconfig */,
				7B4FC29E446EC92AF40D71A9 /* Pods-Example_Tests.release.xcconfig */,
				6F49D25F5A06A0B358276027 /* Pods-GiniPayBankSDKTests.debug.xcconfig */,
				9170B821643C47F4AF103CE7 /* Pods-GiniPayBankSDKTests.release.xcconfig */,
				E55AD28AB533B5F46BD25117 /* Pods-Bank.debug.xcconfig */,
				5C62CC764D345C8CEECE6701 /* Pods-Bank.release.xcconfig */,
			);
			path = Pods;
			sourceTree = "<group>";
		};
		F441DC0025E51F4B00AAB09A /* ComponentAPI */ = {
			isa = PBXGroup;
			children = (
				F4AD00F625DFDF4400C34E15 /* ComponentAPICoordinator.swift */,
				F4AD00F125DFDF4400C34E15 /* ComponentAPIDocumentServiceProtocol.swift */,
				F4AD00F325DFDF4400C34E15 /* ComponentAPIDocumentsService.swift */,
				F4AD00F425DFDF4400C34E15 /* ComponentAPIOnboardingViewController.swift */,
				F441DC0525E51F7300AAB09A /* PartialDocument.swift */,
			);
			path = ComponentAPI;
			sourceTree = "<group>";
		};
		F441DC3725E5283300AAB09A /* Supporting Files */ = {
			isa = PBXGroup;
			children = (
				F4AD00F725DFDF4400C34E15 /* Images.xcassets */,
			);
			path = "Supporting Files";
			sourceTree = "<group>";
		};
		F441DC3825E5286400AAB09A /* Screen API */ = {
			isa = PBXGroup;
			children = (
				F4DF824E25EFA8ED00A8D755 /* ScreenAPICoordinator.swift */,
				F4AD00EB25DFDE2000C34E15 /* RootNavigationController.swift */,
			);
			path = "Screen API";
			sourceTree = "<group>";
		};
		F441DC9325E53A6F00AAB09A /* Extensions */ = {
			isa = PBXGroup;
			children = (
				F4AD00F525DFDF4400C34E15 /* UIViewController.swift */,
				F44AD25D25F2443200668B0C /* GiniButton.swift */,
			);
			path = Extensions;
			sourceTree = "<group>";
		};
		F4807C35263C20BA00F30FF3 /* Bank */ = {
			isa = PBXGroup;
			children = (
				F4807C36263C20BA00F30FF3 /* AppDelegate.swift */,
				F4807C3A263C20BA00F30FF3 /* ViewController.swift */,
				F4807C3C263C20BA00F30FF3 /* Main.storyboard */,
				F4807C3F263C20BB00F30FF3 /* Assets.xcassets */,
				F4807C41263C20BB00F30FF3 /* LaunchScreen.storyboard */,
				F4807C44263C20BB00F30FF3 /* Info.plist */,
			);
			path = Bank;
			sourceTree = "<group>";
		};
		F490C7B625DE72E400D8CA6F = {
			isa = PBXGroup;
			children = (
				F490C7CD25DE72E400D8CA6F /* GiniPayBankSDKTests */,
				F490C7E325DE873900D8CA6F /* Example Swift */,
				F490C7FE25DE87A900D8CA6F /* Example_Tests */,
				F4807C35263C20BA00F30FF3 /* Bank */,
				F490C7C125DE72E400D8CA6F /* Products */,
				96CD6CFB0CFD8BA46ED45AF0 /* Pods */,
				3B176E990A58E5FD41621C87 /* Frameworks */,
			);
			sourceTree = "<group>";
		};
		F490C7C125DE72E400D8CA6F /* Products */ = {
			isa = PBXGroup;
			children = (
				F490C7C025DE72E400D8CA6F /* GiniPayBankSDK.framework */,
				F490C7C925DE72E400D8CA6F /* GiniPayBankSDKTests.xctest */,
				F490C7E225DE873900D8CA6F /* Example Swift.app */,
				F490C7FD25DE87A900D8CA6F /* Example_Tests.xctest */,
				F4807C34263C20BA00F30FF3 /* Bank.app */,
			);
			name = Products;
			sourceTree = "<group>";
		};
		F490C7CD25DE72E400D8CA6F /* GiniPayBankSDKTests */ = {
			isa = PBXGroup;
			children = (
				F490C7CE25DE72E400D8CA6F /* GiniPayBankSDKTests.swift */,
				F490C7D025DE72E400D8CA6F /* Info.plist */,
			);
			path = GiniPayBankSDKTests;
			sourceTree = "<group>";
		};
		F490C7E325DE873900D8CA6F /* Example Swift */ = {
			isa = PBXGroup;
			children = (
				F441DC0025E51F4B00AAB09A /* ComponentAPI */,
				F441DC9325E53A6F00AAB09A /* Extensions */,
				F490C7E425DE873900D8CA6F /* AppDelegate.swift */,
				F441DCA725E55D5800AAB09A /* Main.storyboard */,
				F4AD00B525DED1A000C34E15 /* AppCoordinator.swift */,
				F441DCC525E56BF800AAB09A /* LaunchScreen.xib */,
				F4AD00D525DFDC8100C34E15 /* SettingsViewController.swift */,
				F4AD00CB25DFDB4E00C34E15 /* CredentialsManager.swift */,
				F4AD00C125DED43200C34E15 /* SelectAPIViewController.swift */,
				F4AD00BB25DED33300C34E15 /* Coordinator.swift */,
				F490C7E825DE873900D8CA6F /* NoResultViewController.swift */,
				F4AD00DB25DFDCE400C34E15 /* ResultTableViewController.swift */,
				F414A56225EBB87F00D04A80 /* DocumentAnalysisHelper.swift */,
				F441DC3825E5286400AAB09A /* Screen API */,
				F441DC3725E5283300AAB09A /* Supporting Files */,
				F441DCBC25E5694600AAB09A /* Settings.bundle */,
				F4AD00FA25DFDF4400C34E15 /* Localizable.strings */,
				F441DCB425E568C400AAB09A /* Main.strings */,
				F441DCB225E568C400AAB09A /* LaunchScreen.strings */,
				F441DD1225E5706F00AAB09A /* Info.plist */,
			);
			path = "Example Swift";
			sourceTree = "<group>";
		};
		F490C7FE25DE87A900D8CA6F /* Example_Tests */ = {
			isa = PBXGroup;
			children = (
				F407A41525E5805E00BC5F36 /* ComponentAPICoordinatorTests.swift */,
				F407A41725E5805E00BC5F36 /* DocumentServiceMock.swift */,
				F407A41425E5805E00BC5F36 /* ScreenAPICoordinatorTests.swift */,
				F407A41625E5805E00BC5F36 /* SettingsViewControllerTests.swift */,
				F407A42425E580F000BC5F36 /* testPDF.pdf */,
				F490C80125DE87A900D8CA6F /* Info.plist */,
			);
			path = Example_Tests;
			sourceTree = "<group>";
		};
/* End PBXGroup section */

/* Begin PBXHeadersBuildPhase section */
		F490C7BB25DE72E400D8CA6F /* Headers */ = {
			isa = PBXHeadersBuildPhase;
			buildActionMask = 2147483647;
			files = (
			);
			runOnlyForDeploymentPostprocessing = 0;
		};
/* End PBXHeadersBuildPhase section */

/* Begin PBXNativeTarget section */
		F4807C33263C20BA00F30FF3 /* Bank */ = {
			isa = PBXNativeTarget;
			buildConfigurationList = F4807C47263C20BB00F30FF3 /* Build configuration list for PBXNativeTarget "Bank" */;
			buildPhases = (
				85505CC44ED662A54BBB58A0 /* [CP] Check Pods Manifest.lock */,
				F4807C30263C20BA00F30FF3 /* Sources */,
				F4807C31263C20BA00F30FF3 /* Frameworks */,
				F4807C32263C20BA00F30FF3 /* Resources */,
				CD5A7B1F876DBDFE42B21512 /* [CP] Embed Pods Frameworks */,
			);
			buildRules = (
			);
			dependencies = (
			);
			name = Bank;
			productName = Bank;
			productReference = F4807C34263C20BA00F30FF3 /* Bank.app */;
			productType = "com.apple.product-type.application";
		};
		F490C7BF25DE72E400D8CA6F /* GiniPayBankSDK */ = {
			isa = PBXNativeTarget;
			buildConfigurationList = F490C7D425DE72E400D8CA6F /* Build configuration list for PBXNativeTarget "GiniPayBankSDK" */;
			buildPhases = (
				F490C7BB25DE72E400D8CA6F /* Headers */,
				F490C7BC25DE72E400D8CA6F /* Sources */,
				F490C7BD25DE72E400D8CA6F /* Frameworks */,
				F490C7BE25DE72E400D8CA6F /* Resources */,
			);
			buildRules = (
			);
			dependencies = (
			);
			name = GiniPayBankSDK;
			productName = GiniPayBankSDK;
			productReference = F490C7C025DE72E400D8CA6F /* GiniPayBankSDK.framework */;
			productType = "com.apple.product-type.framework";
		};
		F490C7C825DE72E400D8CA6F /* GiniPayBankSDKTests */ = {
			isa = PBXNativeTarget;
			buildConfigurationList = F490C7D725DE72E400D8CA6F /* Build configuration list for PBXNativeTarget "GiniPayBankSDKTests" */;
			buildPhases = (
				267CBF05358B6D43E5633D47 /* [CP] Check Pods Manifest.lock */,
				F490C7C525DE72E400D8CA6F /* Sources */,
				F490C7C625DE72E400D8CA6F /* Frameworks */,
				F490C7C725DE72E400D8CA6F /* Resources */,
			);
			buildRules = (
			);
			dependencies = (
				F490C7CC25DE72E400D8CA6F /* PBXTargetDependency */,
				F4F3FB6F25DE988A00ABB8A6 /* PBXTargetDependency */,
			);
			name = GiniPayBankSDKTests;
			productName = GiniPayBankSDKTests;
			productReference = F490C7C925DE72E400D8CA6F /* GiniPayBankSDKTests.xctest */;
			productType = "com.apple.product-type.bundle.unit-test";
		};
		F490C7E125DE873900D8CA6F /* Example Swift */ = {
			isa = PBXNativeTarget;
			buildConfigurationList = F490C7F525DE873B00D8CA6F /* Build configuration list for PBXNativeTarget "Example Swift" */;
			buildPhases = (
				A097C5C7145CDB894D815A63 /* [CP] Check Pods Manifest.lock */,
				F490C7DE25DE873900D8CA6F /* Sources */,
				F490C7DF25DE873900D8CA6F /* Frameworks */,
				F490C7E025DE873900D8CA6F /* Resources */,
				68E6FBAA90DF662A09D2C48B /* [CP] Embed Pods Frameworks */,
			);
			buildRules = (
			);
			dependencies = (
			);
			name = "Example Swift";
			productName = "Example Swift";
			productReference = F490C7E225DE873900D8CA6F /* Example Swift.app */;
			productType = "com.apple.product-type.application";
		};
		F490C7FC25DE87A800D8CA6F /* Example_Tests */ = {
			isa = PBXNativeTarget;
			buildConfigurationList = F490C80525DE87A900D8CA6F /* Build configuration list for PBXNativeTarget "Example_Tests" */;
			buildPhases = (
				C2AD2C1FE5B164D03A9BFCD6 /* [CP] Check Pods Manifest.lock */,
				F490C7F925DE87A800D8CA6F /* Sources */,
				F490C7FA25DE87A800D8CA6F /* Frameworks */,
				F490C7FB25DE87A800D8CA6F /* Resources */,
			);
			buildRules = (
			);
			dependencies = (
				F490C80D25DE87AF00D8CA6F /* PBXTargetDependency */,
			);
			name = Example_Tests;
			productName = Example_Tests;
			productReference = F490C7FD25DE87A900D8CA6F /* Example_Tests.xctest */;
			productType = "com.apple.product-type.bundle.unit-test";
		};
/* End PBXNativeTarget section */

/* Begin PBXProject section */
		F490C7B725DE72E400D8CA6F /* Project object */ = {
			isa = PBXProject;
			attributes = {
				LastSwiftUpdateCheck = 1240;
				LastUpgradeCheck = 1240;
				TargetAttributes = {
					F4807C33263C20BA00F30FF3 = {
						CreatedOnToolsVersion = 12.4;
					};
					F490C7BF25DE72E400D8CA6F = {
						CreatedOnToolsVersion = 12.4;
					};
					F490C7C825DE72E400D8CA6F = {
						CreatedOnToolsVersion = 12.4;
						TestTargetID = F490C7E125DE873900D8CA6F;
					};
					F490C7E125DE873900D8CA6F = {
						CreatedOnToolsVersion = 12.4;
					};
					F490C7FC25DE87A800D8CA6F = {
						CreatedOnToolsVersion = 12.4;
						TestTargetID = F490C7E125DE873900D8CA6F;
					};
				};
			};
			buildConfigurationList = F490C7BA25DE72E400D8CA6F /* Build configuration list for PBXProject "GiniPayBankSDK" */;
			compatibilityVersion = "Xcode 9.3";
			developmentRegion = en;
			hasScannedForEncodings = 0;
			knownRegions = (
				en,
				Base,
				de,
			);
			mainGroup = F490C7B625DE72E400D8CA6F;
			productRefGroup = F490C7C125DE72E400D8CA6F /* Products */;
			projectDirPath = "";
			projectRoot = "";
			targets = (
				F490C7BF25DE72E400D8CA6F /* GiniPayBankSDK */,
				F490C7C825DE72E400D8CA6F /* GiniPayBankSDKTests */,
				F490C7E125DE873900D8CA6F /* Example Swift */,
				F490C7FC25DE87A800D8CA6F /* Example_Tests */,
				F4807C33263C20BA00F30FF3 /* Bank */,
			);
		};
/* End PBXProject section */

/* Begin PBXResourcesBuildPhase section */
		F4807C32263C20BA00F30FF3 /* Resources */ = {
			isa = PBXResourcesBuildPhase;
			buildActionMask = 2147483647;
			files = (
				F4807C43263C20BB00F30FF3 /* LaunchScreen.storyboard in Resources */,
				F4807C40263C20BB00F30FF3 /* Assets.xcassets in Resources */,
				F4807C3E263C20BA00F30FF3 /* Main.storyboard in Resources */,
			);
			runOnlyForDeploymentPostprocessing = 0;
		};
		F490C7BE25DE72E400D8CA6F /* Resources */ = {
			isa = PBXResourcesBuildPhase;
			buildActionMask = 2147483647;
			files = (
			);
			runOnlyForDeploymentPostprocessing = 0;
		};
		F490C7C725DE72E400D8CA6F /* Resources */ = {
			isa = PBXResourcesBuildPhase;
			buildActionMask = 2147483647;
			files = (
			);
			runOnlyForDeploymentPostprocessing = 0;
		};
		F490C7E025DE873900D8CA6F /* Resources */ = {
			isa = PBXResourcesBuildPhase;
			buildActionMask = 2147483647;
			files = (
				F4B78A7225E6AB9500CBE2E4 /* testPDF.pdf in Resources */,
				F441DCBD25E5694600AAB09A /* Settings.bundle in Resources */,
				F4AD010125DFDF4500C34E15 /* Images.xcassets in Resources */,
				F441DCB625E568C400AAB09A /* LaunchScreen.strings in Resources */,
				F441DCC325E56BF800AAB09A /* LaunchScreen.xib in Resources */,
				F441DCA525E55D5800AAB09A /* Main.storyboard in Resources */,
				F441DCB725E568C400AAB09A /* Main.strings in Resources */,
				F4AD010425DFDF4500C34E15 /* Localizable.strings in Resources */,
			);
			runOnlyForDeploymentPostprocessing = 0;
		};
		F490C7FB25DE87A800D8CA6F /* Resources */ = {
			isa = PBXResourcesBuildPhase;
			buildActionMask = 2147483647;
			files = (
				F4B78A6025E6AB4B00CBE2E4 /* testPDF.pdf in Resources */,
			);
			runOnlyForDeploymentPostprocessing = 0;
		};
/* End PBXResourcesBuildPhase section */

/* Begin PBXShellScriptBuildPhase section */
		267CBF05358B6D43E5633D47 /* [CP] Check Pods Manifest.lock */ = {
			isa = PBXShellScriptBuildPhase;
			buildActionMask = 2147483647;
			files = (
			);
			inputFileListPaths = (
			);
			inputPaths = (
				"${PODS_PODFILE_DIR_PATH}/Podfile.lock",
				"${PODS_ROOT}/Manifest.lock",
			);
			name = "[CP] Check Pods Manifest.lock";
			outputFileListPaths = (
			);
			outputPaths = (
				"$(DERIVED_FILE_DIR)/Pods-GiniPayBankSDKTests-checkManifestLockResult.txt",
			);
			runOnlyForDeploymentPostprocessing = 0;
			shellPath = /bin/sh;
			shellScript = "diff \"${PODS_PODFILE_DIR_PATH}/Podfile.lock\" \"${PODS_ROOT}/Manifest.lock\" > /dev/null\nif [ $? != 0 ] ; then\n    # print error to STDERR\n    echo \"error: The sandbox is not in sync with the Podfile.lock. Run 'pod install' or update your CocoaPods installation.\" >&2\n    exit 1\nfi\n# This output is used by Xcode 'outputs' to avoid re-running this script phase.\necho \"SUCCESS\" > \"${SCRIPT_OUTPUT_FILE_0}\"\n";
			showEnvVarsInLog = 0;
		};
		68E6FBAA90DF662A09D2C48B /* [CP] Embed Pods Frameworks */ = {
			isa = PBXShellScriptBuildPhase;
			buildActionMask = 2147483647;
			files = (
			);
			inputFileListPaths = (
				"${PODS_ROOT}/Target Support Files/Pods-Example Swift/Pods-Example Swift-frameworks-${CONFIGURATION}-input-files.xcfilelist",
			);
			name = "[CP] Embed Pods Frameworks";
			outputFileListPaths = (
				"${PODS_ROOT}/Target Support Files/Pods-Example Swift/Pods-Example Swift-frameworks-${CONFIGURATION}-output-files.xcfilelist",
			);
			runOnlyForDeploymentPostprocessing = 0;
			shellPath = /bin/sh;
			shellScript = "\"${PODS_ROOT}/Target Support Files/Pods-Example Swift/Pods-Example Swift-frameworks.sh\"\n";
			showEnvVarsInLog = 0;
		};
		85505CC44ED662A54BBB58A0 /* [CP] Check Pods Manifest.lock */ = {
			isa = PBXShellScriptBuildPhase;
			buildActionMask = 2147483647;
			files = (
			);
			inputFileListPaths = (
			);
			inputPaths = (
				"${PODS_PODFILE_DIR_PATH}/Podfile.lock",
				"${PODS_ROOT}/Manifest.lock",
			);
			name = "[CP] Check Pods Manifest.lock";
			outputFileListPaths = (
			);
			outputPaths = (
				"$(DERIVED_FILE_DIR)/Pods-Bank-checkManifestLockResult.txt",
			);
			runOnlyForDeploymentPostprocessing = 0;
			shellPath = /bin/sh;
			shellScript = "diff \"${PODS_PODFILE_DIR_PATH}/Podfile.lock\" \"${PODS_ROOT}/Manifest.lock\" > /dev/null\nif [ $? != 0 ] ; then\n    # print error to STDERR\n    echo \"error: The sandbox is not in sync with the Podfile.lock. Run 'pod install' or update your CocoaPods installation.\" >&2\n    exit 1\nfi\n# This output is used by Xcode 'outputs' to avoid re-running this script phase.\necho \"SUCCESS\" > \"${SCRIPT_OUTPUT_FILE_0}\"\n";
			showEnvVarsInLog = 0;
		};
		A097C5C7145CDB894D815A63 /* [CP] Check Pods Manifest.lock */ = {
			isa = PBXShellScriptBuildPhase;
			buildActionMask = 2147483647;
			files = (
			);
			inputFileListPaths = (
			);
			inputPaths = (
				"${PODS_PODFILE_DIR_PATH}/Podfile.lock",
				"${PODS_ROOT}/Manifest.lock",
			);
			name = "[CP] Check Pods Manifest.lock";
			outputFileListPaths = (
			);
			outputPaths = (
				"$(DERIVED_FILE_DIR)/Pods-Example Swift-checkManifestLockResult.txt",
			);
			runOnlyForDeploymentPostprocessing = 0;
			shellPath = /bin/sh;
			shellScript = "diff \"${PODS_PODFILE_DIR_PATH}/Podfile.lock\" \"${PODS_ROOT}/Manifest.lock\" > /dev/null\nif [ $? != 0 ] ; then\n    # print error to STDERR\n    echo \"error: The sandbox is not in sync with the Podfile.lock. Run 'pod install' or update your CocoaPods installation.\" >&2\n    exit 1\nfi\n# This output is used by Xcode 'outputs' to avoid re-running this script phase.\necho \"SUCCESS\" > \"${SCRIPT_OUTPUT_FILE_0}\"\n";
			showEnvVarsInLog = 0;
		};
		C2AD2C1FE5B164D03A9BFCD6 /* [CP] Check Pods Manifest.lock */ = {
			isa = PBXShellScriptBuildPhase;
			buildActionMask = 2147483647;
			files = (
			);
			inputFileListPaths = (
			);
			inputPaths = (
				"${PODS_PODFILE_DIR_PATH}/Podfile.lock",
				"${PODS_ROOT}/Manifest.lock",
			);
			name = "[CP] Check Pods Manifest.lock";
			outputFileListPaths = (
			);
			outputPaths = (
				"$(DERIVED_FILE_DIR)/Pods-Example_Tests-checkManifestLockResult.txt",
			);
			runOnlyForDeploymentPostprocessing = 0;
			shellPath = /bin/sh;
			shellScript = "diff \"${PODS_PODFILE_DIR_PATH}/Podfile.lock\" \"${PODS_ROOT}/Manifest.lock\" > /dev/null\nif [ $? != 0 ] ; then\n    # print error to STDERR\n    echo \"error: The sandbox is not in sync with the Podfile.lock. Run 'pod install' or update your CocoaPods installation.\" >&2\n    exit 1\nfi\n# This output is used by Xcode 'outputs' to avoid re-running this script phase.\necho \"SUCCESS\" > \"${SCRIPT_OUTPUT_FILE_0}\"\n";
			showEnvVarsInLog = 0;
		};
		CD5A7B1F876DBDFE42B21512 /* [CP] Embed Pods Frameworks */ = {
			isa = PBXShellScriptBuildPhase;
			buildActionMask = 2147483647;
			files = (
			);
			inputFileListPaths = (
				"${PODS_ROOT}/Target Support Files/Pods-Bank/Pods-Bank-frameworks-${CONFIGURATION}-input-files.xcfilelist",
			);
			name = "[CP] Embed Pods Frameworks";
			outputFileListPaths = (
				"${PODS_ROOT}/Target Support Files/Pods-Bank/Pods-Bank-frameworks-${CONFIGURATION}-output-files.xcfilelist",
			);
			runOnlyForDeploymentPostprocessing = 0;
			shellPath = /bin/sh;
			shellScript = "\"${PODS_ROOT}/Target Support Files/Pods-Bank/Pods-Bank-frameworks.sh\"\n";
			showEnvVarsInLog = 0;
		};
/* End PBXShellScriptBuildPhase section */

/* Begin PBXSourcesBuildPhase section */
		F4807C30263C20BA00F30FF3 /* Sources */ = {
			isa = PBXSourcesBuildPhase;
			buildActionMask = 2147483647;
			files = (
				F4807C3B263C20BA00F30FF3 /* ViewController.swift in Sources */,
				F4807C37263C20BA00F30FF3 /* AppDelegate.swift in Sources */,
			);
			runOnlyForDeploymentPostprocessing = 0;
		};
		F490C7BC25DE72E400D8CA6F /* Sources */ = {
			isa = PBXSourcesBuildPhase;
			buildActionMask = 2147483647;
			files = (
			);
			runOnlyForDeploymentPostprocessing = 0;
		};
		F490C7C525DE72E400D8CA6F /* Sources */ = {
			isa = PBXSourcesBuildPhase;
			buildActionMask = 2147483647;
			files = (
				F490C7CF25DE72E400D8CA6F /* GiniPayBankSDKTests.swift in Sources */,
			);
			runOnlyForDeploymentPostprocessing = 0;
		};
		F490C7DE25DE873900D8CA6F /* Sources */ = {
			isa = PBXSourcesBuildPhase;
			buildActionMask = 2147483647;
			files = (
				F4AD00FD25DFDF4500C34E15 /* ComponentAPIDocumentsService.swift in Sources */,
				F4AD00B625DED1A000C34E15 /* AppCoordinator.swift in Sources */,
				F490C7E925DE873900D8CA6F /* NoResultViewController.swift in Sources */,
				F4AD00FB25DFDF4500C34E15 /* ComponentAPIDocumentServiceProtocol.swift in Sources */,
				F4AD00EC25DFDE2000C34E15 /* RootNavigationController.swift in Sources */,
				F4AD00BC25DED33300C34E15 /* Coordinator.swift in Sources */,
				F490C7E525DE873900D8CA6F /* AppDelegate.swift in Sources */,
				F4AD010025DFDF4500C34E15 /* ComponentAPICoordinator.swift in Sources */,
				F4AD00DC25DFDCE400C34E15 /* ResultTableViewController.swift in Sources */,
				F4DF824F25EFA8ED00A8D755 /* ScreenAPICoordinator.swift in Sources */,
				F4AD00C225DED43200C34E15 /* SelectAPIViewController.swift in Sources */,
				F4AD00CC25DFDB4E00C34E15 /* CredentialsManager.swift in Sources */,
				F414A56325EBB87F00D04A80 /* DocumentAnalysisHelper.swift in Sources */,
				F441DC0625E51F7300AAB09A /* PartialDocument.swift in Sources */,
				F4AD00FE25DFDF4500C34E15 /* ComponentAPIOnboardingViewController.swift in Sources */,
				F4AD00D625DFDC8100C34E15 /* SettingsViewController.swift in Sources */,
				F44AD25E25F2443200668B0C /* GiniButton.swift in Sources */,
				F4AD00FF25DFDF4500C34E15 /* UIViewController.swift in Sources */,
			);
			runOnlyForDeploymentPostprocessing = 0;
		};
		F490C7F925DE87A800D8CA6F /* Sources */ = {
			isa = PBXSourcesBuildPhase;
			buildActionMask = 2147483647;
			files = (
				F407A41B25E5805E00BC5F36 /* DocumentServiceMock.swift in Sources */,
				F407A41925E5805E00BC5F36 /* ComponentAPICoordinatorTests.swift in Sources */,
				F407A41A25E5805E00BC5F36 /* SettingsViewControllerTests.swift in Sources */,
				F407A41825E5805E00BC5F36 /* ScreenAPICoordinatorTests.swift in Sources */,
			);
			runOnlyForDeploymentPostprocessing = 0;
		};
/* End PBXSourcesBuildPhase section */

/* Begin PBXTargetDependency section */
		F490C7CC25DE72E400D8CA6F /* PBXTargetDependency */ = {
			isa = PBXTargetDependency;
			target = F490C7BF25DE72E400D8CA6F /* GiniPayBankSDK */;
			targetProxy = F490C7CB25DE72E400D8CA6F /* PBXContainerItemProxy */;
		};
		F490C80D25DE87AF00D8CA6F /* PBXTargetDependency */ = {
			isa = PBXTargetDependency;
			target = F490C7E125DE873900D8CA6F /* Example Swift */;
			targetProxy = F490C80C25DE87AF00D8CA6F /* PBXContainerItemProxy */;
		};
		F4F3FB6F25DE988A00ABB8A6 /* PBXTargetDependency */ = {
			isa = PBXTargetDependency;
			target = F490C7E125DE873900D8CA6F /* Example Swift */;
			targetProxy = F4F3FB6E25DE988A00ABB8A6 /* PBXContainerItemProxy */;
		};
/* End PBXTargetDependency section */

/* Begin PBXVariantGroup section */
		F441DCA725E55D5800AAB09A /* Main.storyboard */ = {
			isa = PBXVariantGroup;
			children = (
				F441DCA625E55D5800AAB09A /* Base */,
				F441DCC225E56BC700AAB09A /* de */,
			);
			name = Main.storyboard;
			sourceTree = "<group>";
		};
		F441DCB225E568C400AAB09A /* LaunchScreen.strings */ = {
			isa = PBXVariantGroup;
			children = (
				F441DCB325E568C400AAB09A /* de */,
			);
			name = LaunchScreen.strings;
			sourceTree = "<group>";
		};
		F441DCB425E568C400AAB09A /* Main.strings */ = {
			isa = PBXVariantGroup;
			children = (
				F441DCB525E568C400AAB09A /* de */,
			);
			name = Main.strings;
			sourceTree = "<group>";
		};
		F441DCC525E56BF800AAB09A /* LaunchScreen.xib */ = {
			isa = PBXVariantGroup;
			children = (
				F441DCC425E56BF800AAB09A /* Base */,
				F441DCCA25E56C0100AAB09A /* de */,
			);
			name = LaunchScreen.xib;
			sourceTree = "<group>";
		};
		F4807C3C263C20BA00F30FF3 /* Main.storyboard */ = {
			isa = PBXVariantGroup;
			children = (
				F4807C3D263C20BA00F30FF3 /* Base */,
			);
			name = Main.storyboard;
			sourceTree = "<group>";
		};
		F4807C41263C20BB00F30FF3 /* LaunchScreen.storyboard */ = {
			isa = PBXVariantGroup;
			children = (
				F4807C42263C20BB00F30FF3 /* Base */,
			);
			name = LaunchScreen.storyboard;
			sourceTree = "<group>";
		};
/* End PBXVariantGroup section */

/* Begin XCBuildConfiguration section */
		F4807C45263C20BB00F30FF3 /* Debug */ = {
			isa = XCBuildConfiguration;
			baseConfigurationReference = E55AD28AB533B5F46BD25117 /* Pods-Bank.debug.xcconfig */;
			buildSettings = {
				ASSETCATALOG_COMPILER_APPICON_NAME = AppIcon;
				ASSETCATALOG_COMPILER_GLOBAL_ACCENT_COLOR_NAME = AccentColor;
				CODE_SIGN_STYLE = Automatic;
				DEVELOPMENT_TEAM = BQY9KX4V88;
				INFOPLIST_FILE = Bank/Info.plist;
				IPHONEOS_DEPLOYMENT_TARGET = 14.1;
				LD_RUNPATH_SEARCH_PATHS = (
					"$(inherited)",
					"@executable_path/Frameworks",
				);
				PRODUCT_BUNDLE_IDENTIFIER = net.gini.ginipaybank.Bank.Bank;
				PRODUCT_NAME = "$(TARGET_NAME)";
				SWIFT_VERSION = 5.0;
				TARGETED_DEVICE_FAMILY = "1,2";
			};
			name = Debug;
		};
		F4807C46263C20BB00F30FF3 /* Release */ = {
			isa = XCBuildConfiguration;
			baseConfigurationReference = 5C62CC764D345C8CEECE6701 /* Pods-Bank.release.xcconfig */;
			buildSettings = {
				ASSETCATALOG_COMPILER_APPICON_NAME = AppIcon;
				ASSETCATALOG_COMPILER_GLOBAL_ACCENT_COLOR_NAME = AccentColor;
				CODE_SIGN_STYLE = Automatic;
				DEVELOPMENT_TEAM = BQY9KX4V88;
				INFOPLIST_FILE = Bank/Info.plist;
				IPHONEOS_DEPLOYMENT_TARGET = 14.1;
				LD_RUNPATH_SEARCH_PATHS = (
					"$(inherited)",
					"@executable_path/Frameworks",
				);
				PRODUCT_BUNDLE_IDENTIFIER = net.gini.ginipaybank.Bank.Bank;
				PRODUCT_NAME = "$(TARGET_NAME)";
				SWIFT_VERSION = 5.0;
				TARGETED_DEVICE_FAMILY = "1,2";
			};
			name = Release;
		};
		F490C7D225DE72E400D8CA6F /* Debug */ = {
			isa = XCBuildConfiguration;
			buildSettings = {
				ALWAYS_SEARCH_USER_PATHS = NO;
				CLANG_ANALYZER_LOCALIZABILITY_NONLOCALIZED = YES;
				CLANG_ANALYZER_NONNULL = YES;
				CLANG_ANALYZER_NUMBER_OBJECT_CONVERSION = YES_AGGRESSIVE;
				CLANG_CXX_LANGUAGE_STANDARD = "gnu++14";
				CLANG_CXX_LIBRARY = "libc++";
				CLANG_ENABLE_MODULES = YES;
				CLANG_ENABLE_OBJC_ARC = YES;
				CLANG_ENABLE_OBJC_WEAK = YES;
				CLANG_WARN_BLOCK_CAPTURE_AUTORELEASING = YES;
				CLANG_WARN_BOOL_CONVERSION = YES;
				CLANG_WARN_COMMA = YES;
				CLANG_WARN_CONSTANT_CONVERSION = YES;
				CLANG_WARN_DEPRECATED_OBJC_IMPLEMENTATIONS = YES;
				CLANG_WARN_DIRECT_OBJC_ISA_USAGE = YES_ERROR;
				CLANG_WARN_DOCUMENTATION_COMMENTS = YES;
				CLANG_WARN_EMPTY_BODY = YES;
				CLANG_WARN_ENUM_CONVERSION = YES;
				CLANG_WARN_INFINITE_RECURSION = YES;
				CLANG_WARN_INT_CONVERSION = YES;
				CLANG_WARN_NON_LITERAL_NULL_CONVERSION = YES;
				CLANG_WARN_OBJC_IMPLICIT_RETAIN_SELF = YES;
				CLANG_WARN_OBJC_LITERAL_CONVERSION = YES;
				CLANG_WARN_OBJC_ROOT_CLASS = YES_ERROR;
				CLANG_WARN_QUOTED_INCLUDE_IN_FRAMEWORK_HEADER = YES;
				CLANG_WARN_RANGE_LOOP_ANALYSIS = YES;
				CLANG_WARN_STRICT_PROTOTYPES = YES;
				CLANG_WARN_SUSPICIOUS_MOVE = YES;
				CLANG_WARN_UNGUARDED_AVAILABILITY = YES_AGGRESSIVE;
				CLANG_WARN_UNREACHABLE_CODE = YES;
				CLANG_WARN__DUPLICATE_METHOD_MATCH = YES;
				COPY_PHASE_STRIP = NO;
				CURRENT_PROJECT_VERSION = 1;
				DEBUG_INFORMATION_FORMAT = dwarf;
				ENABLE_STRICT_OBJC_MSGSEND = YES;
				ENABLE_TESTABILITY = YES;
				GCC_C_LANGUAGE_STANDARD = gnu11;
				GCC_DYNAMIC_NO_PIC = NO;
				GCC_NO_COMMON_BLOCKS = YES;
				GCC_OPTIMIZATION_LEVEL = 0;
				GCC_PREPROCESSOR_DEFINITIONS = (
					"DEBUG=1",
					"$(inherited)",
				);
				GCC_WARN_64_TO_32_BIT_CONVERSION = YES;
				GCC_WARN_ABOUT_RETURN_TYPE = YES_ERROR;
				GCC_WARN_UNDECLARED_SELECTOR = YES;
				GCC_WARN_UNINITIALIZED_AUTOS = YES_AGGRESSIVE;
				GCC_WARN_UNUSED_FUNCTION = YES;
				GCC_WARN_UNUSED_VARIABLE = YES;
				IPHONEOS_DEPLOYMENT_TARGET = 10.2;
				MTL_ENABLE_DEBUG_INFO = INCLUDE_SOURCE;
				MTL_FAST_MATH = YES;
				ONLY_ACTIVE_ARCH = YES;
				SDKROOT = iphoneos;
				SWIFT_ACTIVE_COMPILATION_CONDITIONS = DEBUG;
				SWIFT_OPTIMIZATION_LEVEL = "-Onone";
				VERSIONING_SYSTEM = "apple-generic";
				VERSION_INFO_PREFIX = "";
			};
			name = Debug;
		};
		F490C7D325DE72E400D8CA6F /* Release */ = {
			isa = XCBuildConfiguration;
			buildSettings = {
				ALWAYS_SEARCH_USER_PATHS = NO;
				CLANG_ANALYZER_LOCALIZABILITY_NONLOCALIZED = YES;
				CLANG_ANALYZER_NONNULL = YES;
				CLANG_ANALYZER_NUMBER_OBJECT_CONVERSION = YES_AGGRESSIVE;
				CLANG_CXX_LANGUAGE_STANDARD = "gnu++14";
				CLANG_CXX_LIBRARY = "libc++";
				CLANG_ENABLE_MODULES = YES;
				CLANG_ENABLE_OBJC_ARC = YES;
				CLANG_ENABLE_OBJC_WEAK = YES;
				CLANG_WARN_BLOCK_CAPTURE_AUTORELEASING = YES;
				CLANG_WARN_BOOL_CONVERSION = YES;
				CLANG_WARN_COMMA = YES;
				CLANG_WARN_CONSTANT_CONVERSION = YES;
				CLANG_WARN_DEPRECATED_OBJC_IMPLEMENTATIONS = YES;
				CLANG_WARN_DIRECT_OBJC_ISA_USAGE = YES_ERROR;
				CLANG_WARN_DOCUMENTATION_COMMENTS = YES;
				CLANG_WARN_EMPTY_BODY = YES;
				CLANG_WARN_ENUM_CONVERSION = YES;
				CLANG_WARN_INFINITE_RECURSION = YES;
				CLANG_WARN_INT_CONVERSION = YES;
				CLANG_WARN_NON_LITERAL_NULL_CONVERSION = YES;
				CLANG_WARN_OBJC_IMPLICIT_RETAIN_SELF = YES;
				CLANG_WARN_OBJC_LITERAL_CONVERSION = YES;
				CLANG_WARN_OBJC_ROOT_CLASS = YES_ERROR;
				CLANG_WARN_QUOTED_INCLUDE_IN_FRAMEWORK_HEADER = YES;
				CLANG_WARN_RANGE_LOOP_ANALYSIS = YES;
				CLANG_WARN_STRICT_PROTOTYPES = YES;
				CLANG_WARN_SUSPICIOUS_MOVE = YES;
				CLANG_WARN_UNGUARDED_AVAILABILITY = YES_AGGRESSIVE;
				CLANG_WARN_UNREACHABLE_CODE = YES;
				CLANG_WARN__DUPLICATE_METHOD_MATCH = YES;
				COPY_PHASE_STRIP = NO;
				CURRENT_PROJECT_VERSION = 1;
				DEBUG_INFORMATION_FORMAT = "dwarf-with-dsym";
				ENABLE_NS_ASSERTIONS = NO;
				ENABLE_STRICT_OBJC_MSGSEND = YES;
				GCC_C_LANGUAGE_STANDARD = gnu11;
				GCC_NO_COMMON_BLOCKS = YES;
				GCC_WARN_64_TO_32_BIT_CONVERSION = YES;
				GCC_WARN_ABOUT_RETURN_TYPE = YES_ERROR;
				GCC_WARN_UNDECLARED_SELECTOR = YES;
				GCC_WARN_UNINITIALIZED_AUTOS = YES_AGGRESSIVE;
				GCC_WARN_UNUSED_FUNCTION = YES;
				GCC_WARN_UNUSED_VARIABLE = YES;
				IPHONEOS_DEPLOYMENT_TARGET = 10.2;
				MTL_ENABLE_DEBUG_INFO = NO;
				MTL_FAST_MATH = YES;
				SDKROOT = iphoneos;
				SWIFT_COMPILATION_MODE = wholemodule;
				SWIFT_OPTIMIZATION_LEVEL = "-O";
				VALIDATE_PRODUCT = YES;
				VERSIONING_SYSTEM = "apple-generic";
				VERSION_INFO_PREFIX = "";
			};
			name = Release;
		};
		F490C7D525DE72E400D8CA6F /* Debug */ = {
			isa = XCBuildConfiguration;
			buildSettings = {
				CODE_SIGN_STYLE = Automatic;
				DEFINES_MODULE = YES;
				DEVELOPMENT_TEAM = BQY9KX4V88;
				DYLIB_COMPATIBILITY_VERSION = 1;
				DYLIB_CURRENT_VERSION = 1;
				DYLIB_INSTALL_NAME_BASE = "@rpath";
				INFOPLIST_FILE = "$(SRCROOT)/Example Swift/Info.plist";
				INSTALL_PATH = "$(LOCAL_LIBRARY_DIR)/Frameworks";
				IPHONEOS_DEPLOYMENT_TARGET = 10.2;
				LD_RUNPATH_SEARCH_PATHS = (
					"$(inherited)",
					"@executable_path/Frameworks",
					"@loader_path/Frameworks",
				);
				PRODUCT_BUNDLE_IDENTIFIER = net.gini.ginipaybank.GiniPayBankSDK;
				PRODUCT_NAME = "$(TARGET_NAME:c99extidentifier)";
				SKIP_INSTALL = YES;
				SWIFT_VERSION = 5.0;
				TARGETED_DEVICE_FAMILY = "1,2";
			};
			name = Debug;
		};
		F490C7D625DE72E400D8CA6F /* Release */ = {
			isa = XCBuildConfiguration;
			buildSettings = {
				CODE_SIGN_STYLE = Automatic;
				DEFINES_MODULE = YES;
				DEVELOPMENT_TEAM = BQY9KX4V88;
				DYLIB_COMPATIBILITY_VERSION = 1;
				DYLIB_CURRENT_VERSION = 1;
				DYLIB_INSTALL_NAME_BASE = "@rpath";
				INFOPLIST_FILE = "$(SRCROOT)/Example Swift/Info.plist";
				INSTALL_PATH = "$(LOCAL_LIBRARY_DIR)/Frameworks";
				IPHONEOS_DEPLOYMENT_TARGET = 10.2;
				LD_RUNPATH_SEARCH_PATHS = (
					"$(inherited)",
					"@executable_path/Frameworks",
					"@loader_path/Frameworks",
				);
				PRODUCT_BUNDLE_IDENTIFIER = net.gini.ginipaybank.GiniPayBankSDK;
				PRODUCT_NAME = "$(TARGET_NAME:c99extidentifier)";
				SKIP_INSTALL = YES;
				SWIFT_VERSION = 5.0;
				TARGETED_DEVICE_FAMILY = "1,2";
			};
			name = Release;
		};
		F490C7D825DE72E400D8CA6F /* Debug */ = {
			isa = XCBuildConfiguration;
			baseConfigurationReference = 6F49D25F5A06A0B358276027 /* Pods-GiniPayBankSDKTests.debug.xcconfig */;
			buildSettings = {
				CODE_SIGN_STYLE = Automatic;
				DEVELOPMENT_TEAM = BQY9KX4V88;
				INFOPLIST_FILE = GiniPayBankSDKTests/Info.plist;
				LD_RUNPATH_SEARCH_PATHS = (
					"$(inherited)",
					"@executable_path/Frameworks",
					"@loader_path/Frameworks",
				);
				PRODUCT_BUNDLE_IDENTIFIER = net.gini.ginipaybank.GiniPayBankSDKTests;
				PRODUCT_NAME = "$(TARGET_NAME)";
				SWIFT_VERSION = 5.0;
				TARGETED_DEVICE_FAMILY = "1,2";
				TEST_HOST = "$(BUILT_PRODUCTS_DIR)/Example Swift.app/Example Swift";
			};
			name = Debug;
		};
		F490C7D925DE72E400D8CA6F /* Release */ = {
			isa = XCBuildConfiguration;
			baseConfigurationReference = 9170B821643C47F4AF103CE7 /* Pods-GiniPayBankSDKTests.release.xcconfig */;
			buildSettings = {
				CODE_SIGN_STYLE = Automatic;
				DEVELOPMENT_TEAM = BQY9KX4V88;
				INFOPLIST_FILE = GiniPayBankSDKTests/Info.plist;
				LD_RUNPATH_SEARCH_PATHS = (
					"$(inherited)",
					"@executable_path/Frameworks",
					"@loader_path/Frameworks",
				);
				PRODUCT_BUNDLE_IDENTIFIER = net.gini.ginipaybank.GiniPayBankSDKTests;
				PRODUCT_NAME = "$(TARGET_NAME)";
				SWIFT_VERSION = 5.0;
				TARGETED_DEVICE_FAMILY = "1,2";
				TEST_HOST = "$(BUILT_PRODUCTS_DIR)/Example Swift.app/Example Swift";
			};
			name = Release;
		};
		F490C7F325DE873B00D8CA6F /* Debug */ = {
			isa = XCBuildConfiguration;
			baseConfigurationReference = 6229BC4EECB48A90750E58BC /* Pods-Example Swift.debug.xcconfig */;
			buildSettings = {
				ASSETCATALOG_COMPILER_APPICON_NAME = AppIcon;
				ASSETCATALOG_COMPILER_GLOBAL_ACCENT_COLOR_NAME = "";
				CODE_SIGN_STYLE = Automatic;
				DEVELOPMENT_TEAM = BQY9KX4V88;
				INFOPLIST_FILE = "Example Swift/Info.plist";
				IPHONEOS_DEPLOYMENT_TARGET = 10.2;
				LD_RUNPATH_SEARCH_PATHS = (
					"$(inherited)",
					"@executable_path/Frameworks",
				);
				PRODUCT_BUNDLE_IDENTIFIER = "net.gini.ginipaybank.Example-Swift";
				PRODUCT_NAME = "$(TARGET_NAME)";
				SWIFT_VERSION = 5.0;
				TARGETED_DEVICE_FAMILY = "1,2";
			};
			name = Debug;
		};
		F490C7F425DE873B00D8CA6F /* Release */ = {
			isa = XCBuildConfiguration;
			baseConfigurationReference = ED288A2C44E26F4FE8E21A6A /* Pods-Example Swift.release.xcconfig */;
			buildSettings = {
				ASSETCATALOG_COMPILER_APPICON_NAME = AppIcon;
				ASSETCATALOG_COMPILER_GLOBAL_ACCENT_COLOR_NAME = "";
				CODE_SIGN_STYLE = Automatic;
				DEVELOPMENT_TEAM = BQY9KX4V88;
				INFOPLIST_FILE = "Example Swift/Info.plist";
				IPHONEOS_DEPLOYMENT_TARGET = 10.2;
				LD_RUNPATH_SEARCH_PATHS = (
					"$(inherited)",
					"@executable_path/Frameworks",
				);
				PRODUCT_BUNDLE_IDENTIFIER = "net.gini.ginipaybank.Example-Swift";
				PRODUCT_NAME = "$(TARGET_NAME)";
				SWIFT_VERSION = 5.0;
				TARGETED_DEVICE_FAMILY = "1,2";
			};
			name = Release;
		};
		F490C80625DE87A900D8CA6F /* Debug */ = {
			isa = XCBuildConfiguration;
			baseConfigurationReference = 725718C1ECFA01E1DFF8BDF8 /* Pods-Example_Tests.debug.xcconfig */;
			buildSettings = {
				BUNDLE_LOADER = "$(TEST_HOST)";
				CODE_SIGN_STYLE = Automatic;
				DEVELOPMENT_TEAM = BQY9KX4V88;
				INFOPLIST_FILE = Example_Tests/Info.plist;
				LD_RUNPATH_SEARCH_PATHS = (
					"$(inherited)",
					"@executable_path/Frameworks",
					"@loader_path/Frameworks",
				);
				PRODUCT_BUNDLE_IDENTIFIER = "net.gini.ginipaybank.Example-Tests";
				PRODUCT_NAME = "$(TARGET_NAME)";
				SWIFT_VERSION = 5.0;
				TARGETED_DEVICE_FAMILY = "1,2";
				TEST_HOST = "$(BUILT_PRODUCTS_DIR)/Example Swift.app/Example Swift";
			};
			name = Debug;
		};
		F490C80725DE87A900D8CA6F /* Release */ = {
			isa = XCBuildConfiguration;
			baseConfigurationReference = 7B4FC29E446EC92AF40D71A9 /* Pods-Example_Tests.release.xcconfig */;
			buildSettings = {
				BUNDLE_LOADER = "$(TEST_HOST)";
				CODE_SIGN_STYLE = Automatic;
				DEVELOPMENT_TEAM = BQY9KX4V88;
				INFOPLIST_FILE = Example_Tests/Info.plist;
				LD_RUNPATH_SEARCH_PATHS = (
					"$(inherited)",
					"@executable_path/Frameworks",
					"@loader_path/Frameworks",
				);
				PRODUCT_BUNDLE_IDENTIFIER = "net.gini.ginipaybank.Example-Tests";
				PRODUCT_NAME = "$(TARGET_NAME)";
				SWIFT_VERSION = 5.0;
				TARGETED_DEVICE_FAMILY = "1,2";
				TEST_HOST = "$(BUILT_PRODUCTS_DIR)/Example Swift.app/Example Swift";
			};
			name = Release;
		};
/* End XCBuildConfiguration section */

/* Begin XCConfigurationList section */
		F4807C47263C20BB00F30FF3 /* Build configuration list for PBXNativeTarget "Bank" */ = {
			isa = XCConfigurationList;
			buildConfigurations = (
				F4807C45263C20BB00F30FF3 /* Debug */,
				F4807C46263C20BB00F30FF3 /* Release */,
			);
			defaultConfigurationIsVisible = 0;
			defaultConfigurationName = Release;
		};
		F490C7BA25DE72E400D8CA6F /* Build configuration list for PBXProject "GiniPayBankSDK" */ = {
			isa = XCConfigurationList;
			buildConfigurations = (
				F490C7D225DE72E400D8CA6F /* Debug */,
				F490C7D325DE72E400D8CA6F /* Release */,
			);
			defaultConfigurationIsVisible = 0;
			defaultConfigurationName = Release;
		};
		F490C7D425DE72E400D8CA6F /* Build configuration list for PBXNativeTarget "GiniPayBankSDK" */ = {
			isa = XCConfigurationList;
			buildConfigurations = (
				F490C7D525DE72E400D8CA6F /* Debug */,
				F490C7D625DE72E400D8CA6F /* Release */,
			);
			defaultConfigurationIsVisible = 0;
			defaultConfigurationName = Release;
		};
		F490C7D725DE72E400D8CA6F /* Build configuration list for PBXNativeTarget "GiniPayBankSDKTests" */ = {
			isa = XCConfigurationList;
			buildConfigurations = (
				F490C7D825DE72E400D8CA6F /* Debug */,
				F490C7D925DE72E400D8CA6F /* Release */,
			);
			defaultConfigurationIsVisible = 0;
			defaultConfigurationName = Release;
		};
		F490C7F525DE873B00D8CA6F /* Build configuration list for PBXNativeTarget "Example Swift" */ = {
			isa = XCConfigurationList;
			buildConfigurations = (
				F490C7F325DE873B00D8CA6F /* Debug */,
				F490C7F425DE873B00D8CA6F /* Release */,
			);
			defaultConfigurationIsVisible = 0;
			defaultConfigurationName = Release;
		};
		F490C80525DE87A900D8CA6F /* Build configuration list for PBXNativeTarget "Example_Tests" */ = {
			isa = XCConfigurationList;
			buildConfigurations = (
				F490C80625DE87A900D8CA6F /* Debug */,
				F490C80725DE87A900D8CA6F /* Release */,
			);
			defaultConfigurationIsVisible = 0;
			defaultConfigurationName = Release;
		};
/* End XCConfigurationList section */
	};
	rootObject = F490C7B725DE72E400D8CA6F /* Project object */;
}
